
Microsoft Visual Studio Solution File, Format Version 12.00
# Visual Studio Version 16
VisualStudioVersion = 16.0.33027.164
MinimumVisualStudioVersion = 10.0.40219.1
Project("{8BC9CEB8-8B4A-11D0-8D11-00A0C91BC942}") = "ProjectClient", "ProjectClient\ProjectClient.vcxproj", "{C3F08A7C-3C60-41B0-AC0D-FFA793BFB3F7}"
EndProject
Global
	GlobalSection(SolutionConfigurationPlatforms) = preSolution
		Debug|x64 = Debug|x64
		Debug|x86 = Debug|x86
		Release|x64 = Release|x64
		Release|x86 = Release|x86
	EndGlobalSection
	GlobalSection(ProjectConfigurationPlatforms) = postSolution
		{C3F08A7C-3C60-41B0-AC0D-FFA793BFB3F7}.Debug|x64.ActiveCfg = Debug|x64
		{C3F08A7C-3C60-41B0-AC0D-FFA793BFB3F7}.Debug|x64.Build.0 = Debug|x64
		{C3F08A7C-3C60-41B0-AC0D-FFA793BFB3F7}.Debug|x86.ActiveCfg = Debug|Win32
		{C3F08A7C-3C60-41B0-AC0D-FFA793BFB3F7}.Debug|x86.Build.0 = Debug|Win32
		{C3F08A7C-3C60-41B0-AC0D-FFA793BFB3F7}.Release|x64.ActiveCfg = Release|x64
		{C3F08A7C-3C60-41B0-AC0D-FFA793BFB3F7}.Release|x64.Build.0 = Release|x64
		{C3F08A7C-3C60-41B0-AC0D-FFA793BFB3F7}.Release|x86.ActiveCfg = Release|Win32
		{C3F08A7C-3C60-41B0-AC0D-FFA793BFB3F7}.Release|x86.Build.0 = Release|Win32
	EndGlobalSection
	GlobalSection(SolutionProperties) = preSolution
		HideSolutionNode = FALSE
	EndGlobalSection
	GlobalSection(ExtensibilityGlobals) = postSolution
		SolutionGuid = {56EE2256-FD3E-4157-9F71-1893FBA76001}
	EndGlobalSection
EndGlobal
